
Microsoft Visual Studio Solution File, Format Version 12.00
# Visual Studio Version 16
VisualStudioVersion = 16.0.29806.167
MinimumVisualStudioVersion = 10.0.40219.1
Project("{FAE04EC0-301F-11D3-BF4B-00C04F79EFBC}") = "Lab01_ProductCRUD", "Lab01_ProductCRUD\Lab01_ProductCRUD.csproj", "{F1C8ADFD-FB63-4E05-B334-23E08A832E1E}"
EndProject
Global
	GlobalSection(SolutionConfigurationPlatforms) = preSolution
		Debug|Any CPU = Debug|Any CPU
		Release|Any CPU = Release|Any CPU
	EndGlobalSection
	GlobalSection(ProjectConfigurationPlatforms) = postSolution
		{F1C8ADFD-FB63-4E05-B334-23E08A832E1E}.Debug|Any CPU.ActiveCfg = Debug|Any CPU
		{F1C8ADFD-FB63-4E05-B334-23E08A832E1E}.Debug|Any CPU.Build.0 = Debug|Any CPU
		{F1C8ADFD-FB63-4E05-B334-23E08A832E1E}.Release|Any CPU.ActiveCfg = Release|Any CPU
		{F1C8ADFD-FB63-4E05-B334-23E08A832E1E}.Release|Any CPU.Build.0 = Release|Any CPU
	EndGlobalSection
	GlobalSection(SolutionProperties) = preSolution
		HideSolutionNode = FALSE
	EndGlobalSection
	GlobalSection(ExtensibilityGlobals) = postSolution
		SolutionGuid = {280B70D0-2B43-4917-BED9-DB10BD593C78}
	EndGlobalSection
EndGlobal
